
Microsoft Visual Studio Solution File, Format Version 12.00
# Visual Studio Version 16
VisualStudioVersion = 16.0.30413.136
MinimumVisualStudioVersion = 10.0.40219.1
Project("{FAE04EC0-301F-11D3-BF4B-00C04F79EFBC}") = "Kubernatics", "Kubernatics.csproj", "{62BE4B74-4B9F-4986-A0E5-07B7C039D530}"
EndProject
Global
	GlobalSection(SolutionConfigurationPlatforms) = preSolution
		Debug|Any CPU = Debug|Any CPU
		Release|Any CPU = Release|Any CPU
	EndGlobalSection
	GlobalSection(ProjectConfigurationPlatforms) = postSolution
		{62BE4B74-4B9F-4986-A0E5-07B7C039D530}.Debug|Any CPU.ActiveCfg = Debug|Any CPU
		{62BE4B74-4B9F-4986-A0E5-07B7C039D530}.Debug|Any CPU.Build.0 = Debug|Any CPU
		{62BE4B74-4B9F-4986-A0E5-07B7C039D530}.Release|Any CPU.ActiveCfg = Release|Any CPU
		{62BE4B74-4B9F-4986-A0E5-07B7C039D530}.Release|Any CPU.Build.0 = Release|Any CPU
	EndGlobalSection
	GlobalSection(SolutionProperties) = preSolution
		HideSolutionNode = FALSE
	EndGlobalSection
	GlobalSection(ExtensibilityGlobals) = postSolution
		SolutionGuid = {7EBD7E9D-F891-43EE-990A-7958F9914524}
	EndGlobalSection
EndGlobal
